
Microsoft Visual Studio Solution File, Format Version 12.00
# Visual Studio Version 17
VisualStudioVersion = 17.5.33530.505
MinimumVisualStudioVersion = 10.0.40219.1
Project("{9A19103F-16F7-4668-BE54-9A1E7A4F7556}") = "Caramelo.MvvmApp", "Caramelo.MvvmApp\Caramelo.MvvmApp.csproj", "{926982D6-F8B8-4440-850E-0BEC236D03DE}"
EndProject
Project("{FAE04EC0-301F-11D3-BF4B-00C04F79EFBC}") = "Caramelo.MvvmApp.Avalonia", "Caramelo.MvvmApp.Avalonia\Caramelo.MvvmApp.Avalonia.csproj", "{CEA5EA55-2090-4453-B569-D68B8817AA4F}"
EndProject
Project("{FAE04EC0-301F-11D3-BF4B-00C04F79EFBC}") = "Caramelo.MvvmApp.Demo.Core", "Caramelo.MvvmApp.Demo.Core\Caramelo.MvvmApp.Demo.Core.csproj", "{57FD092B-0573-41FC-BCF9-38914CAB87C6}"
EndProject
Project("{FAE04EC0-301F-11D3-BF4B-00C04F79EFBC}") = "Caramelo.MvvmApp.Avalonia.Demo", "Caramelo.MvvmApp.Avalonia.Demo\Caramelo.MvvmApp.Avalonia.Demo.csproj", "{54FEDF1F-5739-4209-9463-FEFED7E6BDD4}"
EndProject
Project("{FAE04EC0-301F-11D3-BF4B-00C04F79EFBC}") = "Caramelo.MvvmApp.WPF", "Caramelo.MvvmApp.WPF\Caramelo.MvvmApp.WPF.csproj", "{B21A07D2-D74C-4F32-8079-8B737247ABD5}"
EndProject
Project("{FAE04EC0-301F-11D3-BF4B-00C04F79EFBC}") = "Caramelo.MvvmApp.WPF.Demo", "Caramelo.MvvmApp.WPF.Demo\Caramelo.MvvmApp.WPF.Demo.csproj", "{141B6AE8-7EC3-466B-B40E-DFD2D2031D25}"
EndProject
Global
	GlobalSection(SolutionConfigurationPlatforms) = preSolution
		Debug|Any CPU = Debug|Any CPU
		Release|Any CPU = Release|Any CPU
	EndGlobalSection
	GlobalSection(ProjectConfigurationPlatforms) = postSolution
		{926982D6-F8B8-4440-850E-0BEC236D03DE}.Debug|Any CPU.ActiveCfg = Debug|Any CPU
		{926982D6-F8B8-4440-850E-0BEC236D03DE}.Debug|Any CPU.Build.0 = Debug|Any CPU
		{926982D6-F8B8-4440-850E-0BEC236D03DE}.Release|Any CPU.ActiveCfg = Release|Any CPU
		{926982D6-F8B8-4440-850E-0BEC236D03DE}.Release|Any CPU.Build.0 = Release|Any CPU
		{CEA5EA55-2090-4453-B569-D68B8817AA4F}.Debug|Any CPU.ActiveCfg = Debug|Any CPU
		{CEA5EA55-2090-4453-B569-D68B8817AA4F}.Debug|Any CPU.Build.0 = Debug|Any CPU
		{CEA5EA55-2090-4453-B569-D68B8817AA4F}.Release|Any CPU.ActiveCfg = Release|Any CPU
		{CEA5EA55-2090-4453-B569-D68B8817AA4F}.Release|Any CPU.Build.0 = Release|Any CPU
		{57FD092B-0573-41FC-BCF9-38914CAB87C6}.Debug|Any CPU.ActiveCfg = Debug|Any CPU
		{57FD092B-0573-41FC-BCF9-38914CAB87C6}.Debug|Any CPU.Build.0 = Debug|Any CPU
		{57FD092B-0573-41FC-BCF9-38914CAB87C6}.Release|Any CPU.ActiveCfg = Release|Any CPU
		{57FD092B-0573-41FC-BCF9-38914CAB87C6}.Release|Any CPU.Build.0 = Release|Any CPU
		{54FEDF1F-5739-4209-9463-FEFED7E6BDD4}.Debug|Any CPU.ActiveCfg = Debug|Any CPU
		{54FEDF1F-5739-4209-9463-FEFED7E6BDD4}.Debug|Any CPU.Build.0 = Debug|Any CPU
		{54FEDF1F-5739-4209-9463-FEFED7E6BDD4}.Release|Any CPU.ActiveCfg = Release|Any CPU
		{54FEDF1F-5739-4209-9463-FEFED7E6BDD4}.Release|Any CPU.Build.0 = Release|Any CPU
		{B21A07D2-D74C-4F32-8079-8B737247ABD5}.Debug|Any CPU.ActiveCfg = Debug|Any CPU
		{B21A07D2-D74C-4F32-8079-8B737247ABD5}.Debug|Any CPU.Build.0 = Debug|Any CPU
		{B21A07D2-D74C-4F32-8079-8B737247ABD5}.Release|Any CPU.ActiveCfg = Release|Any CPU
		{B21A07D2-D74C-4F32-8079-8B737247ABD5}.Release|Any CPU.Build.0 = Release|Any CPU
		{141B6AE8-7EC3-466B-B40E-DFD2D2031D25}.Debug|Any CPU.ActiveCfg = Debug|Any CPU
		{141B6AE8-7EC3-466B-B40E-DFD2D2031D25}.Debug|Any CPU.Build.0 = Debug|Any CPU
		{141B6AE8-7EC3-466B-B40E-DFD2D2031D25}.Release|Any CPU.ActiveCfg = Release|Any CPU
		{141B6AE8-7EC3-466B-B40E-DFD2D2031D25}.Release|Any CPU.Build.0 = Release|Any CPU
	EndGlobalSection
	GlobalSection(SolutionProperties) = preSolution
		HideSolutionNode = FALSE
	EndGlobalSection
	GlobalSection(ExtensibilityGlobals) = postSolution
		SolutionGuid = {0A2A12CB-8D10-4CA4-B963-C8C3F13C1B6F}
	EndGlobalSection
EndGlobal
